
Microsoft Visual Studio Solution File, Format Version 12.00
# Visual Studio 14
VisualStudioVersion = 14.0.25123.0
MinimumVisualStudioVersion = 10.0.40219.1
Project("{FAE04EC0-301F-11D3-BF4B-00C04F79EFBC}") = "loafer-project", "loafer-project\loafer-project.csproj", "{D00B22D7-E66F-429B-9B11-BD1295BA218A}"
EndProject
Global
	GlobalSection(SolutionConfigurationPlatforms) = preSolution
		Debug|x86 = Debug|x86
		Release|x86 = Release|x86
	EndGlobalSection
	GlobalSection(ProjectConfigurationPlatforms) = postSolution
		{D00B22D7-E66F-429B-9B11-BD1295BA218A}.Debug|x86.ActiveCfg = Debug|x86
		{D00B22D7-E66F-429B-9B11-BD1295BA218A}.Debug|x86.Build.0 = Debug|x86
		{D00B22D7-E66F-429B-9B11-BD1295BA218A}.Release|x86.ActiveCfg = Release|x86
		{D00B22D7-E66F-429B-9B11-BD1295BA218A}.Release|x86.Build.0 = Release|x86
		{D00B22D7-E66F-429B-9B11-BD1295BA218A}.Release|x86.Deploy.0 = Release|x86
	EndGlobalSection
	GlobalSection(SolutionProperties) = preSolution
		HideSolutionNode = FALSE
	EndGlobalSection
EndGlobal
